
Microsoft Visual Studio Solution File, Format Version 12.00
# Visual Studio Version 17
VisualStudioVersion = 17.7.34024.191
MinimumVisualStudioVersion = 10.0.40219.1
Project("{FAE04EC0-301F-11D3-BF4B-00C04F79EFBC}") = "CRUDOperationDemo.API", "CRUDOperationDemo.API\CRUDOperationDemo.API.csproj", "{A34A75B1-0282-4701-B300-3D1FFC1409FD}"
EndProject
Global
	GlobalSection(SolutionConfigurationPlatforms) = preSolution
		Debug|Any CPU = Debug|Any CPU
		Release|Any CPU = Release|Any CPU
	EndGlobalSection
	GlobalSection(ProjectConfigurationPlatforms) = postSolution
		{A34A75B1-0282-4701-B300-3D1FFC1409FD}.Debug|Any CPU.ActiveCfg = Debug|Any CPU
		{A34A75B1-0282-4701-B300-3D1FFC1409FD}.Debug|Any CPU.Build.0 = Debug|Any CPU
		{A34A75B1-0282-4701-B300-3D1FFC1409FD}.Release|Any CPU.ActiveCfg = Release|Any CPU
		{A34A75B1-0282-4701-B300-3D1FFC1409FD}.Release|Any CPU.Build.0 = Release|Any CPU
	EndGlobalSection
	GlobalSection(SolutionProperties) = preSolution
		HideSolutionNode = FALSE
	EndGlobalSection
	GlobalSection(ExtensibilityGlobals) = postSolution
		SolutionGuid = {4C9222B6-B0D7-4A1A-B8AD-61B33175EC6C}
	EndGlobalSection
EndGlobal
