
Microsoft Visual Studio Solution File, Format Version 12.00
# Visual Studio Version 17
VisualStudioVersion = 17.7.34024.191
MinimumVisualStudioVersion = 10.0.40219.1
Project("{FAE04EC0-301F-11D3-BF4B-00C04F79EFBC}") = "SampleApp", "SampleApp\SampleApp.csproj", "{D223486E-4EA2-4E8C-B048-E4E5A8CEF659}"
EndProject
Global
	GlobalSection(SolutionConfigurationPlatforms) = preSolution
		Debug|Any CPU = Debug|Any CPU
		Release|Any CPU = Release|Any CPU
	EndGlobalSection
	GlobalSection(ProjectConfigurationPlatforms) = postSolution
		{D223486E-4EA2-4E8C-B048-E4E5A8CEF659}.Debug|Any CPU.ActiveCfg = Debug|Any CPU
		{D223486E-4EA2-4E8C-B048-E4E5A8CEF659}.Debug|Any CPU.Build.0 = Debug|Any CPU
		{D223486E-4EA2-4E8C-B048-E4E5A8CEF659}.Debug|Any CPU.Deploy.0 = Debug|Any CPU
		{D223486E-4EA2-4E8C-B048-E4E5A8CEF659}.Release|Any CPU.ActiveCfg = Release|Any CPU
		{D223486E-4EA2-4E8C-B048-E4E5A8CEF659}.Release|Any CPU.Build.0 = Release|Any CPU
		{D223486E-4EA2-4E8C-B048-E4E5A8CEF659}.Release|Any CPU.Deploy.0 = Release|Any CPU
	EndGlobalSection
	GlobalSection(SolutionProperties) = preSolution
		HideSolutionNode = FALSE
	EndGlobalSection
	GlobalSection(ExtensibilityGlobals) = postSolution
		SolutionGuid = {975C9BD2-BE43-4CB6-A3E3-69C14989E57C}
	EndGlobalSection
EndGlobal
