
Microsoft Visual Studio Solution File, Format Version 12.00
# Visual Studio Version 17
VisualStudioVersion = 17.7.34024.191
MinimumVisualStudioVersion = 10.0.40219.1
Project("{FAE04EC0-301F-11D3-BF4B-00C04F79EFBC}") = "AnimatedAccordionMAUI", "AnimatedAccordionMAUI\AnimatedAccordionMAUI.csproj", "{BFD8AF9D-01AA-4CEC-AE36-1B412B029F17}"
EndProject
Global
	GlobalSection(SolutionConfigurationPlatforms) = preSolution
		Debug|Any CPU = Debug|Any CPU
		Release|Any CPU = Release|Any CPU
	EndGlobalSection
	GlobalSection(ProjectConfigurationPlatforms) = postSolution
		{BFD8AF9D-01AA-4CEC-AE36-1B412B029F17}.Debug|Any CPU.ActiveCfg = Debug|Any CPU
		{BFD8AF9D-01AA-4CEC-AE36-1B412B029F17}.Debug|Any CPU.Build.0 = Debug|Any CPU
		{BFD8AF9D-01AA-4CEC-AE36-1B412B029F17}.Debug|Any CPU.Deploy.0 = Debug|Any CPU
		{BFD8AF9D-01AA-4CEC-AE36-1B412B029F17}.Release|Any CPU.ActiveCfg = Release|Any CPU
		{BFD8AF9D-01AA-4CEC-AE36-1B412B029F17}.Release|Any CPU.Build.0 = Release|Any CPU
		{BFD8AF9D-01AA-4CEC-AE36-1B412B029F17}.Release|Any CPU.Deploy.0 = Release|Any CPU
	EndGlobalSection
	GlobalSection(SolutionProperties) = preSolution
		HideSolutionNode = FALSE
	EndGlobalSection
	GlobalSection(ExtensibilityGlobals) = postSolution
		SolutionGuid = {187E9908-FCDE-46FA-B078-E7A805561E51}
	EndGlobalSection
EndGlobal
